
Microsoft Visual Studio Solution File, Format Version 12.00
# Visual Studio Version 17
VisualStudioVersion = 17.4.33205.214
MinimumVisualStudioVersion = 10.0.40219.1
Project("{8BC9CEB8-8B4A-11D0-8D11-00A0C91BC942}") = "SiAOD_Prac6", "SiAOD_Prac6\SiAOD_Prac6.vcxproj", "{2235D1A3-797A-41DB-8736-E2C97DF4F706}"
EndProject
Global
	GlobalSection(SolutionConfigurationPlatforms) = preSolution
		Debug|x64 = Debug|x64
		Debug|x86 = Debug|x86
		Release|x64 = Release|x64
		Release|x86 = Release|x86
	EndGlobalSection
	GlobalSection(ProjectConfigurationPlatforms) = postSolution
		{2235D1A3-797A-41DB-8736-E2C97DF4F706}.Debug|x64.ActiveCfg = Debug|x64
		{2235D1A3-797A-41DB-8736-E2C97DF4F706}.Debug|x64.Build.0 = Debug|x64
		{2235D1A3-797A-41DB-8736-E2C97DF4F706}.Debug|x86.ActiveCfg = Debug|Win32
		{2235D1A3-797A-41DB-8736-E2C97DF4F706}.Debug|x86.Build.0 = Debug|Win32
		{2235D1A3-797A-41DB-8736-E2C97DF4F706}.Release|x64.ActiveCfg = Release|x64
		{2235D1A3-797A-41DB-8736-E2C97DF4F706}.Release|x64.Build.0 = Release|x64
		{2235D1A3-797A-41DB-8736-E2C97DF4F706}.Release|x86.ActiveCfg = Release|Win32
		{2235D1A3-797A-41DB-8736-E2C97DF4F706}.Release|x86.Build.0 = Release|Win32
	EndGlobalSection
	GlobalSection(SolutionProperties) = preSolution
		HideSolutionNode = FALSE
	EndGlobalSection
	GlobalSection(ExtensibilityGlobals) = postSolution
		SolutionGuid = {05E22441-8BE1-44DA-A6E1-E5F9754B4726}
	EndGlobalSection
EndGlobal
